
Microsoft Visual Studio Solution File, Format Version 12.00
# Visual Studio Version 17
VisualStudioVersion = 17.8.34525.116
MinimumVisualStudioVersion = 10.0.40219.1
Project("{9A19103F-16F7-4668-BE54-9A1E7A4F7556}") = "CarSale", "CarSale\CarSale.csproj", "{CE408C81-4D2F-46C5-8A6C-1CB9A47FD74F}"
EndProject
Project("{9A19103F-16F7-4668-BE54-9A1E7A4F7556}") = "CarSale.Core", "CarSale.Core\CarSale.Core.csproj", "{5ECBBF3B-9194-4567-936E-F9AD47D84307}"
EndProject
Project("{9A19103F-16F7-4668-BE54-9A1E7A4F7556}") = "CarSale.Infrastructure", "CarSale.Infrastructure\CarSale.Infrastructure.csproj", "{4266E64B-4825-4152-A4E4-1B9EC0D3216C}"
EndProject
Project("{FAE04EC0-301F-11D3-BF4B-00C04F79EFBC}") = "CarSale.Test", "CarSale.Test\CarSale.Test.csproj", "{B1E0EC49-A446-4180-B8B7-C870FA6648E7}"
EndProject
Global
	GlobalSection(SolutionConfigurationPlatforms) = preSolution
		Debug|Any CPU = Debug|Any CPU
		Release|Any CPU = Release|Any CPU
	EndGlobalSection
	GlobalSection(ProjectConfigurationPlatforms) = postSolution
		{CE408C81-4D2F-46C5-8A6C-1CB9A47FD74F}.Debug|Any CPU.ActiveCfg = Debug|Any CPU
		{CE408C81-4D2F-46C5-8A6C-1CB9A47FD74F}.Debug|Any CPU.Build.0 = Debug|Any CPU
		{CE408C81-4D2F-46C5-8A6C-1CB9A47FD74F}.Release|Any CPU.ActiveCfg = Release|Any CPU
		{CE408C81-4D2F-46C5-8A6C-1CB9A47FD74F}.Release|Any CPU.Build.0 = Release|Any CPU
		{5ECBBF3B-9194-4567-936E-F9AD47D84307}.Debug|Any CPU.ActiveCfg = Debug|Any CPU
		{5ECBBF3B-9194-4567-936E-F9AD47D84307}.Debug|Any CPU.Build.0 = Debug|Any CPU
		{5ECBBF3B-9194-4567-936E-F9AD47D84307}.Release|Any CPU.ActiveCfg = Release|Any CPU
		{5ECBBF3B-9194-4567-936E-F9AD47D84307}.Release|Any CPU.Build.0 = Release|Any CPU
		{4266E64B-4825-4152-A4E4-1B9EC0D3216C}.Debug|Any CPU.ActiveCfg = Debug|Any CPU
		{4266E64B-4825-4152-A4E4-1B9EC0D3216C}.Debug|Any CPU.Build.0 = Debug|Any CPU
		{4266E64B-4825-4152-A4E4-1B9EC0D3216C}.Release|Any CPU.ActiveCfg = Release|Any CPU
		{4266E64B-4825-4152-A4E4-1B9EC0D3216C}.Release|Any CPU.Build.0 = Release|Any CPU
		{B1E0EC49-A446-4180-B8B7-C870FA6648E7}.Debug|Any CPU.ActiveCfg = Debug|Any CPU
		{B1E0EC49-A446-4180-B8B7-C870FA6648E7}.Debug|Any CPU.Build.0 = Debug|Any CPU
		{B1E0EC49-A446-4180-B8B7-C870FA6648E7}.Release|Any CPU.ActiveCfg = Release|Any CPU
		{B1E0EC49-A446-4180-B8B7-C870FA6648E7}.Release|Any CPU.Build.0 = Release|Any CPU
	EndGlobalSection
	GlobalSection(SolutionProperties) = preSolution
		HideSolutionNode = FALSE
	EndGlobalSection
	GlobalSection(ExtensibilityGlobals) = postSolution
		SolutionGuid = {20C405E2-742F-4DD9-A603-BF4FBDF3B22C}
	EndGlobalSection
EndGlobal
